<?xml version="1.0" encoding="utf-8"?>
<Project ToolsVersion="4.0" xmlns="http://schemas.microsoft.com/developer/msbuild/2003">
  <ItemGroup>
    <None Include=".gitignore" />
  </ItemGroup>
  <ItemGroup>
    <ClInclude Include="include\hscpp\StringUtil.h" />
    <ClInclude Include="include\hscpp\Compiler.h" />
    <ClInclude Include="include\hscpp\FileWatcher.h" />
    <ClInclude Include="include\hscpp\Hotswapper.h" />
    <ClInclude Include="include\hscpp\Log.h" />
    <ClInclude Include="include\hscpp\Constructors.h" />
    <ClInclude Include="include\hscpp\CmdShell.h" />
    <ClInclude Include="include\hscpp\IAllocator.h" />
    <ClInclude Include="include\hscpp\ModuleInterface.h" />
    <ClInclude Include="include\hscpp\ModuleSharedState.h" />
    <ClInclude Include="include\hscpp\Tracker.h" />
  </ItemGroup>
  <ItemGroup>
    <ClCompile Include="src\Hotswapper.cpp" />
    <ClCompile Include="src\FileWatcher.cpp" />
    <ClCompile Include="src\Log.cpp" />
    <ClCompile Include="src\StringUtil.cpp" />
    <ClCompile Include="src\Compiler.cpp" />
    <ClCompile Include="src\CmdShell.cpp" />
  </ItemGroup>
</Project>