<?xml version="1.0" encoding="utf-8"?>
<Project ToolsVersion="4.0" xmlns="http://schemas.microsoft.com/developer/msbuild/2003">
  <ItemGroup>
    <None Include=".gitignore" />
  </ItemGroup>
  <ItemGroup>
    <ClInclude Include="include\hscpp\Compiler.h" />
    <ClInclude Include="include\hscpp\FileWatcher.h" />
    <ClInclude Include="include\hscpp\Hotswapper.h" />
    <ClInclude Include="include\hscpp\Log.h" />
    <ClInclude Include="include\hscpp\CmdShell.h" />
    <ClInclude Include="include\hscpp\module\AllocationResolver.h" />
    <ClInclude Include="include\hscpp\module\Constructors.h" />
    <ClInclude Include="include\hscpp\module\IAllocator.h" />
    <ClInclude Include="include\hscpp\module\ITracker.h" />
    <ClInclude Include="include\hscpp\module\ModuleInterface.h" />
    <ClInclude Include="include\hscpp\module\ModuleSharedState.h" />
    <ClInclude Include="include\hscpp\module\Serializer.h" />
    <ClInclude Include="include\hscpp\module\SwapInfo.h" />
    <ClInclude Include="include\hscpp\module\Tracker.h" />
    <ClInclude Include="include\hscpp\ModuleManager.h" />
    <ClInclude Include="include\hscpp\StringUtil.h" />
  </ItemGroup>
  <ItemGroup>
    <ClCompile Include="src\Hotswapper.cpp" />
    <ClCompile Include="src\FileWatcher.cpp" />
    <ClCompile Include="src\Log.cpp" />
    <ClCompile Include="src\StringUtil.cpp" />
    <ClCompile Include="src\Compiler.cpp" />
    <ClCompile Include="src\CmdShell.cpp" />
    <ClCompile Include="src\ModuleManager.cpp" />
  </ItemGroup>
</Project>